
Microsoft Visual Studio Solution File, Format Version 12.00
Project("{FAE04EC0-301F-11D3-BF4B-00C04F79EFBC}") = "AdventOfCode2025", "AdventOfCode2025\AdventOfCode2025.csproj", "{4B9552DE-EBBA-4855-A148-B76195DA2F3C}"
EndProject
Project("{FAE04EC0-301F-11D3-BF4B-00C04F79EFBC}") = "Common", "Common\Common\Common.csproj", "{7D1A1EA7-A596-4706-AC51-43722F22C743}"
EndProject
Global
	GlobalSection(SolutionConfigurationPlatforms) = preSolution
		Debug|Any CPU = Debug|Any CPU
		Release|Any CPU = Release|Any CPU
	EndGlobalSection
	GlobalSection(ProjectConfigurationPlatforms) = postSolution
		{4B9552DE-EBBA-4855-A148-B76195DA2F3C}.Debug|Any CPU.ActiveCfg = Debug|Any CPU
		{4B9552DE-EBBA-4855-A148-B76195DA2F3C}.Debug|Any CPU.Build.0 = Debug|Any CPU
		{4B9552DE-EBBA-4855-A148-B76195DA2F3C}.Release|Any CPU.ActiveCfg = Release|Any CPU
		{4B9552DE-EBBA-4855-A148-B76195DA2F3C}.Release|Any CPU.Build.0 = Release|Any CPU
		{7D1A1EA7-A596-4706-AC51-43722F22C743}.Debug|Any CPU.ActiveCfg = Debug|Any CPU
		{7D1A1EA7-A596-4706-AC51-43722F22C743}.Debug|Any CPU.Build.0 = Debug|Any CPU
		{7D1A1EA7-A596-4706-AC51-43722F22C743}.Release|Any CPU.ActiveCfg = Release|Any CPU
		{7D1A1EA7-A596-4706-AC51-43722F22C743}.Release|Any CPU.Build.0 = Release|Any CPU
	EndGlobalSection
EndGlobal
